
Microsoft Visual Studio Solution File, Format Version 12.00
# Visual Studio Version 17
VisualStudioVersion = 17.0.32112.339
MinimumVisualStudioVersion = 10.0.40219.1
Project("{FAE04EC0-301F-11D3-BF4B-00C04F79EFBC}") = "LeitnerBox", "LeitnerBox\LeitnerBox.csproj", "{3603C3BA-CF38-4DDC-881A-8E4D4AD6672A}"
EndProject
Global
	GlobalSection(SolutionConfigurationPlatforms) = preSolution
		Debug|Any CPU = Debug|Any CPU
		Release|Any CPU = Release|Any CPU
	EndGlobalSection
	GlobalSection(ProjectConfigurationPlatforms) = postSolution
		{3603C3BA-CF38-4DDC-881A-8E4D4AD6672A}.Debug|Any CPU.ActiveCfg = Debug|Any CPU
		{3603C3BA-CF38-4DDC-881A-8E4D4AD6672A}.Debug|Any CPU.Build.0 = Debug|Any CPU
		{3603C3BA-CF38-4DDC-881A-8E4D4AD6672A}.Release|Any CPU.ActiveCfg = Release|Any CPU
		{3603C3BA-CF38-4DDC-881A-8E4D4AD6672A}.Release|Any CPU.Build.0 = Release|Any CPU
	EndGlobalSection
	GlobalSection(SolutionProperties) = preSolution
		HideSolutionNode = FALSE
	EndGlobalSection
	GlobalSection(ExtensibilityGlobals) = postSolution
		SolutionGuid = {854B5AD7-D98B-4217-8A15-E4F87CAE38E1}
	EndGlobalSection
EndGlobal
